// !$*UTF8*$!
{
	archiveVersion = 1;
	classes = {
	};
	objectVersion = 56;
	objects = {

/* Begin PBXBuildFile section */
		500CBCB22BB2E4E600C6A82E /* itemView.swift in Sources */ = {isa = PBXBuildFile; fileRef = 500CBCB12BB2E4E600C6A82E /* itemView.swift */; };
		500CBCB42BB2EBD900C6A82E /* searchInput.swift in Sources */ = {isa = PBXBuildFile; fileRef = 500CBCB32BB2EBD900C6A82E /* searchInput.swift */; };
		500CBCB62BB2F87000C6A82E /* LocalisationPicker.swift in Sources */ = {isa = PBXBuildFile; fileRef = 500CBCB52BB2F87000C6A82E /* LocalisationPicker.swift */; };
		500CBCBD2BB3038800C6A82E /* PlaceItemResponse.swift in Sources */ = {isa = PBXBuildFile; fileRef = 500CBCBC2BB3038800C6A82E /* PlaceItemResponse.swift */; };
		500CBCBF2BB3049F00C6A82E /* PlaceDatasource.swift in Sources */ = {isa = PBXBuildFile; fileRef = 500CBCBE2BB3049F00C6A82E /* PlaceDatasource.swift */; };
		500CBCC22BB3087C00C6A82E /* Consts.swift in Sources */ = {isa = PBXBuildFile; fileRef = 500CBCC12BB3087C00C6A82E /* Consts.swift */; };
		500CBCC42BB30BF000C6A82E /* PlaceMapper.swift in Sources */ = {isa = PBXBuildFile; fileRef = 500CBCC32BB30BF000C6A82E /* PlaceMapper.swift */; };
		500CBCC62BB30CC000C6A82E /* PlaceItem.swift in Sources */ = {isa = PBXBuildFile; fileRef = 500CBCC52BB30CC000C6A82E /* PlaceItem.swift */; };
		500CBCC82BB30CCD00C6A82E /* Failure.swift in Sources */ = {isa = PBXBuildFile; fileRef = 500CBCC72BB30CCD00C6A82E /* Failure.swift */; };
		5015273B2BB310F0004E8507 /* HomeView.swift in Sources */ = {isa = PBXBuildFile; fileRef = 5015273A2BB310F0004E8507 /* HomeView.swift */; };
		5015273D2BB31120004E8507 /* HomeViewModel.swift in Sources */ = {isa = PBXBuildFile; fileRef = 5015273C2BB31120004E8507 /* HomeViewModel.swift */; };
		506B10772BB2CD33002AE4C1 /* TestAppApp.swift in Sources */ = {isa = PBXBuildFile; fileRef = 506B10762BB2CD33002AE4C1 /* TestAppApp.swift */; };
		506B10792BB2CD33002AE4C1 /* ContentView.swift in Sources */ = {isa = PBXBuildFile; fileRef = 506B10782BB2CD33002AE4C1 /* ContentView.swift */; };
		506B107B2BB2CD35002AE4C1 /* Assets.xcassets in Resources */ = {isa = PBXBuildFile; fileRef = 506B107A2BB2CD35002AE4C1 /* Assets.xcassets */; };
		506B107E2BB2CD35002AE4C1 /* Preview Assets.xcassets in Resources */ = {isa = PBXBuildFile; fileRef = 506B107D2BB2CD35002AE4C1 /* Preview Assets.xcassets */; };
		506B10832BB2CD35002AE4C1 /* TestApp.xcdatamodeld in Sources */ = {isa = PBXBuildFile; fileRef = 506B10812BB2CD35002AE4C1 /* TestApp.xcdatamodeld */; };
/* End PBXBuildFile section */

/* Begin PBXFileReference section */
		500CBCB12BB2E4E600C6A82E /* itemView.swift */ = {isa = PBXFileReference; lastKnownFileType = sourcecode.swift; path = itemView.swift; sourceTree = "<group>"; };
		500CBCB32BB2EBD900C6A82E /* searchInput.swift */ = {isa = PBXFileReference; lastKnownFileType = sourcecode.swift; path = searchInput.swift; sourceTree = "<group>"; };
		500CBCB52BB2F87000C6A82E /* LocalisationPicker.swift */ = {isa = PBXFileReference; lastKnownFileType = sourcecode.swift; path = LocalisationPicker.swift; sourceTree = "<group>"; };
		500CBCBC2BB3038800C6A82E /* PlaceItemResponse.swift */ = {isa = PBXFileReference; lastKnownFileType = sourcecode.swift; path = PlaceItemResponse.swift; sourceTree = "<group>"; };
		500CBCBE2BB3049F00C6A82E /* PlaceDatasource.swift */ = {isa = PBXFileReference; lastKnownFileType = sourcecode.swift; path = PlaceDatasource.swift; sourceTree = "<group>"; };
		500CBCC12BB3087C00C6A82E /* Consts.swift */ = {isa = PBXFileReference; lastKnownFileType = sourcecode.swift; path = Consts.swift; sourceTree = "<group>"; };
		500CBCC32BB30BF000C6A82E /* PlaceMapper.swift */ = {isa = PBXFileReference; lastKnownFileType = sourcecode.swift; path = PlaceMapper.swift; sourceTree = "<group>"; };
		500CBCC52BB30CC000C6A82E /* PlaceItem.swift */ = {isa = PBXFileReference; lastKnownFileType = sourcecode.swift; path = PlaceItem.swift; sourceTree = "<group>"; };
		500CBCC72BB30CCD00C6A82E /* Failure.swift */ = {isa = PBXFileReference; lastKnownFileType = sourcecode.swift; path = Failure.swift; sourceTree = "<group>"; };
		5015273A2BB310F0004E8507 /* HomeView.swift */ = {isa = PBXFileReference; lastKnownFileType = sourcecode.swift; path = HomeView.swift; sourceTree = "<group>"; };
		5015273C2BB31120004E8507 /* HomeViewModel.swift */ = {isa = PBXFileReference; lastKnownFileType = sourcecode.swift; path = HomeViewModel.swift; sourceTree = "<group>"; };
		506B10732BB2CD33002AE4C1 /* TestApp.app */ = {isa = PBXFileReference; explicitFileType = wrapper.application; includeInIndex = 0; path = TestApp.app; sourceTree = BUILT_PRODUCTS_DIR; };
		506B10762BB2CD33002AE4C1 /* TestAppApp.swift */ = {isa = PBXFileReference; lastKnownFileType = sourcecode.swift; path = TestAppApp.swift; sourceTree = "<group>"; };
		506B10782BB2CD33002AE4C1 /* ContentView.swift */ = {isa = PBXFileReference; lastKnownFileType = sourcecode.swift; path = ContentView.swift; sourceTree = "<group>"; };
		506B107A2BB2CD35002AE4C1 /* Assets.xcassets */ = {isa = PBXFileReference; lastKnownFileType = folder.assetcatalog; path = Assets.xcassets; sourceTree = "<group>"; };
		506B107D2BB2CD35002AE4C1 /* Preview Assets.xcassets */ = {isa = PBXFileReference; lastKnownFileType = folder.assetcatalog; path = "Preview Assets.xcassets"; sourceTree = "<group>"; };
		506B10822BB2CD35002AE4C1 /* TestApp.xcdatamodel */ = {isa = PBXFileReference; lastKnownFileType = wrapper.xcdatamodel; path = TestApp.xcdatamodel; sourceTree = "<group>"; };
/* End PBXFileReference section */

/* Begin PBXFrameworksBuildPhase section */
		506B10702BB2CD33002AE4C1 /* Frameworks */ = {
			isa = PBXFrameworksBuildPhase;
			buildActionMask = 2147483647;
			files = (
			);
			runOnlyForDeploymentPostprocessing = 0;
		};
/* End PBXFrameworksBuildPhase section */

/* Begin PBXGroup section */
		500CBCB72BB302E100C6A82E /* Datasource */ = {
			isa = PBXGroup;
			children = (
				500CBCBB2BB3032D00C6A82E /* Models */,
				500CBCBE2BB3049F00C6A82E /* PlaceDatasource.swift */,
			);
			path = Datasource;
			sourceTree = "<group>";
		};
		500CBCB82BB302F800C6A82E /* Mapper */ = {
			isa = PBXGroup;
			children = (
				500CBCC32BB30BF000C6A82E /* PlaceMapper.swift */,
			);
			path = Mapper;
			sourceTree = "<group>";
		};
		500CBCB92BB3030100C6A82E /* Presentation */ = {
			isa = PBXGroup;
			children = (
				501527392BB30F70004E8507 /* Home */,
			);
			path = Presentation;
			sourceTree = "<group>";
		};
		500CBCBA2BB3030E00C6A82E /* Models */ = {
			isa = PBXGroup;
			children = (
				500CBCC52BB30CC000C6A82E /* PlaceItem.swift */,
				500CBCC72BB30CCD00C6A82E /* Failure.swift */,
			);
			path = Models;
			sourceTree = "<group>";
		};
		500CBCBB2BB3032D00C6A82E /* Models */ = {
			isa = PBXGroup;
			children = (
				500CBCBC2BB3038800C6A82E /* PlaceItemResponse.swift */,
			);
			path = Models;
			sourceTree = "<group>";
		};
		500CBCC02BB3086700C6A82E /* Utils */ = {
			isa = PBXGroup;
			children = (
				500CBCC12BB3087C00C6A82E /* Consts.swift */,
			);
			name = Utils;
			sourceTree = "<group>";
		};
		501527392BB30F70004E8507 /* Home */ = {
			isa = PBXGroup;
			children = (
				5015273A2BB310F0004E8507 /* HomeView.swift */,
				5015273C2BB31120004E8507 /* HomeViewModel.swift */,
			);
			path = Home;
			sourceTree = "<group>";
		};
		506B106A2BB2CD33002AE4C1 = {
			isa = PBXGroup;
			children = (
				506B10752BB2CD33002AE4C1 /* TestApp */,
				506B10742BB2CD33002AE4C1 /* Products */,
			);
			sourceTree = "<group>";
		};
		506B10742BB2CD33002AE4C1 /* Products */ = {
			isa = PBXGroup;
			children = (
				506B10732BB2CD33002AE4C1 /* TestApp.app */,
			);
			name = Products;
			sourceTree = "<group>";
		};
		506B10752BB2CD33002AE4C1 /* TestApp */ = {
			isa = PBXGroup;
			children = (
				500CBCC02BB3086700C6A82E /* Utils */,
				500CBCBA2BB3030E00C6A82E /* Models */,
				500CBCB92BB3030100C6A82E /* Presentation */,
				500CBCB82BB302F800C6A82E /* Mapper */,
				500CBCB72BB302E100C6A82E /* Datasource */,
				506B10762BB2CD33002AE4C1 /* TestAppApp.swift */,
				506B10782BB2CD33002AE4C1 /* ContentView.swift */,
				506B107A2BB2CD35002AE4C1 /* Assets.xcassets */,
				506B10812BB2CD35002AE4C1 /* TestApp.xcdatamodeld */,
				506B107C2BB2CD35002AE4C1 /* Preview Content */,
				500CBCB12BB2E4E600C6A82E /* itemView.swift */,
				500CBCB32BB2EBD900C6A82E /* searchInput.swift */,
				500CBCB52BB2F87000C6A82E /* LocalisationPicker.swift */,
			);
			path = TestApp;
			sourceTree = "<group>";
		};
		506B107C2BB2CD35002AE4C1 /* Preview Content */ = {
			isa = PBXGroup;
			children = (
				506B107D2BB2CD35002AE4C1 /* Preview Assets.xcassets */,
			);
			path = "Preview Content";
			sourceTree = "<group>";
		};
/* End PBXGroup section */

/* Begin PBXNativeTarget section */
		506B10722BB2CD33002AE4C1 /* TestApp */ = {
			isa = PBXNativeTarget;
			buildConfigurationList = 506B10862BB2CD35002AE4C1 /* Build configuration list for PBXNativeTarget "TestApp" */;
			buildPhases = (
				506B106F2BB2CD33002AE4C1 /* Sources */,
				506B10702BB2CD33002AE4C1 /* Frameworks */,
				506B10712BB2CD33002AE4C1 /* Resources */,
			);
			buildRules = (
			);
			dependencies = (
			);
			name = TestApp;
			productName = TestApp;
			productReference = 506B10732BB2CD33002AE4C1 /* TestApp.app */;
			productType = "com.apple.product-type.application";
		};
/* End PBXNativeTarget section */

/* Begin PBXProject section */
		506B106B2BB2CD33002AE4C1 /* Project object */ = {
			isa = PBXProject;
			attributes = {
				BuildIndependentTargetsInParallel = 1;
				LastSwiftUpdateCheck = 1420;
				LastUpgradeCheck = 1420;
				TargetAttributes = {
					506B10722BB2CD33002AE4C1 = {
						CreatedOnToolsVersion = 14.2;
					};
				};
			};
			buildConfigurationList = 506B106E2BB2CD33002AE4C1 /* Build configuration list for PBXProject "TestApp" */;
			compatibilityVersion = "Xcode 14.0";
			developmentRegion = en;
			hasScannedForEncodings = 0;
			knownRegions = (
				en,
				Base,
			);
			mainGroup = 506B106A2BB2CD33002AE4C1;
			productRefGroup = 506B10742BB2CD33002AE4C1 /* Products */;
			projectDirPath = "";
			projectRoot = "";
			targets = (
				506B10722BB2CD33002AE4C1 /* TestApp */,
			);
		};
/* End PBXProject section */

/* Begin PBXResourcesBuildPhase section */
		506B10712BB2CD33002AE4C1 /* Resources */ = {
			isa = PBXResourcesBuildPhase;
			buildActionMask = 2147483647;
			files = (
				506B107E2BB2CD35002AE4C1 /* Preview Assets.xcassets in Resources */,
				506B107B2BB2CD35002AE4C1 /* Assets.xcassets in Resources */,
			);
			runOnlyForDeploymentPostprocessing = 0;
		};
/* End PBXResourcesBuildPhase section */

/* Begin PBXSourcesBuildPhase section */
		506B106F2BB2CD33002AE4C1 /* Sources */ = {
			isa = PBXSourcesBuildPhase;
			buildActionMask = 2147483647;
			files = (
				500CBCBF2BB3049F00C6A82E /* PlaceDatasource.swift in Sources */,
				500CBCB42BB2EBD900C6A82E /* searchInput.swift in Sources */,
				5015273B2BB310F0004E8507 /* HomeView.swift in Sources */,
				506B10832BB2CD35002AE4C1 /* TestApp.xcdatamodeld in Sources */,
				500CBCBD2BB3038800C6A82E /* PlaceItemResponse.swift in Sources */,
				500CBCC82BB30CCD00C6A82E /* Failure.swift in Sources */,
				506B10792BB2CD33002AE4C1 /* ContentView.swift in Sources */,
				500CBCC62BB30CC000C6A82E /* PlaceItem.swift in Sources */,
				500CBCC42BB30BF000C6A82E /* PlaceMapper.swift in Sources */,
				5015273D2BB31120004E8507 /* HomeViewModel.swift in Sources */,
				500CBCB62BB2F87000C6A82E /* LocalisationPicker.swift in Sources */,
				506B10772BB2CD33002AE4C1 /* TestAppApp.swift in Sources */,
				500CBCC22BB3087C00C6A82E /* Consts.swift in Sources */,
				500CBCB22BB2E4E600C6A82E /* itemView.swift in Sources */,
			);
			runOnlyForDeploymentPostprocessing = 0;
		};
/* End PBXSourcesBuildPhase section */

/* Begin XCBuildConfiguration section */
		506B10842BB2CD35002AE4C1 /* Debug */ = {
			isa = XCBuildConfiguration;
			buildSettings = {
				ALWAYS_SEARCH_USER_PATHS = NO;
				CLANG_ANALYZER_NONNULL = YES;
				CLANG_ANALYZER_NUMBER_OBJECT_CONVERSION = YES_AGGRESSIVE;
				CLANG_CXX_LANGUAGE_STANDARD = "gnu++20";
				CLANG_ENABLE_MODULES = YES;
				CLANG_ENABLE_OBJC_ARC = YES;
				CLANG_ENABLE_OBJC_WEAK = YES;
				CLANG_WARN_BLOCK_CAPTURE_AUTORELEASING = YES;
				CLANG_WARN_BOOL_CONVERSION = YES;
				CLANG_WARN_COMMA = YES;
				CLANG_WARN_CONSTANT_CONVERSION = YES;
				CLANG_WARN_DEPRECATED_OBJC_IMPLEMENTATIONS = YES;
				CLANG_WARN_DIRECT_OBJC_ISA_USAGE = YES_ERROR;
				CLANG_WARN_DOCUMENTATION_COMMENTS = YES;
				CLANG_WARN_EMPTY_BODY = YES;
				CLANG_WARN_ENUM_CONVERSION = YES;
				CLANG_WARN_INFINITE_RECURSION = YES;
				CLANG_WARN_INT_CONVERSION = YES;
				CLANG_WARN_NON_LITERAL_NULL_CONVERSION = YES;
				CLANG_WARN_OBJC_IMPLICIT_RETAIN_SELF = YES;
				CLANG_WARN_OBJC_LITERAL_CONVERSION = YES;
				CLANG_WARN_OBJC_ROOT_CLASS = YES_ERROR;
				CLANG_WARN_QUOTED_INCLUDE_IN_FRAMEWORK_HEADER = YES;
				CLANG_WARN_RANGE_LOOP_ANALYSIS = YES;
				CLANG_WARN_STRICT_PROTOTYPES = YES;
				CLANG_WARN_SUSPICIOUS_MOVE = YES;
				CLANG_WARN_UNGUARDED_AVAILABILITY = YES_AGGRESSIVE;
				CLANG_WARN_UNREACHABLE_CODE = YES;
				CLANG_WARN__DUPLICATE_METHOD_MATCH = YES;
				COPY_PHASE_STRIP = NO;
				DEBUG_INFORMATION_FORMAT = dwarf;
				ENABLE_STRICT_OBJC_MSGSEND = YES;
				ENABLE_TESTABILITY = YES;
				GCC_C_LANGUAGE_STANDARD = gnu11;
				GCC_DYNAMIC_NO_PIC = NO;
				GCC_NO_COMMON_BLOCKS = YES;
				GCC_OPTIMIZATION_LEVEL = 0;
				GCC_PREPROCESSOR_DEFINITIONS = (
					"DEBUG=1",
					"$(inherited)",
				);
				GCC_WARN_64_TO_32_BIT_CONVERSION = YES;
				GCC_WARN_ABOUT_RETURN_TYPE = YES_ERROR;
				GCC_WARN_UNDECLARED_SELECTOR = YES;
				GCC_WARN_UNINITIALIZED_AUTOS = YES_AGGRESSIVE;
				GCC_WARN_UNUSED_FUNCTION = YES;
				GCC_WARN_UNUSED_VARIABLE = YES;
				IPHONEOS_DEPLOYMENT_TARGET = 16.2;
				MTL_ENABLE_DEBUG_INFO = INCLUDE_SOURCE;
				MTL_FAST_MATH = YES;
				ONLY_ACTIVE_ARCH = YES;
				SDKROOT = iphoneos;
				SWIFT_ACTIVE_COMPILATION_CONDITIONS = DEBUG;
				SWIFT_OPTIMIZATION_LEVEL = "-Onone";
			};
			name = Debug;
		};
		506B10852BB2CD35002AE4C1 /* Release */ = {
			isa = XCBuildConfiguration;
			buildSettings = {
				ALWAYS_SEARCH_USER_PATHS = NO;
				CLANG_ANALYZER_NONNULL = YES;
				CLANG_ANALYZER_NUMBER_OBJECT_CONVERSION = YES_AGGRESSIVE;
				CLANG_CXX_LANGUAGE_STANDARD = "gnu++20";
				CLANG_ENABLE_MODULES = YES;
				CLANG_ENABLE_OBJC_ARC = YES;
				CLANG_ENABLE_OBJC_WEAK = YES;
				CLANG_WARN_BLOCK_CAPTURE_AUTORELEASING = YES;
				CLANG_WARN_BOOL_CONVERSION = YES;
				CLANG_WARN_COMMA = YES;
				CLANG_WARN_CONSTANT_CONVERSION = YES;
				CLANG_WARN_DEPRECATED_OBJC_IMPLEMENTATIONS = YES;
				CLANG_WARN_DIRECT_OBJC_ISA_USAGE = YES_ERROR;
				CLANG_WARN_DOCUMENTATION_COMMENTS = YES;
				CLANG_WARN_EMPTY_BODY = YES;
				CLANG_WARN_ENUM_CONVERSION = YES;
				CLANG_WARN_INFINITE_RECURSION = YES;
				CLANG_WARN_INT_CONVERSION = YES;
				CLANG_WARN_NON_LITERAL_NULL_CONVERSION = YES;
				CLANG_WARN_OBJC_IMPLICIT_RETAIN_SELF = YES;
				CLANG_WARN_OBJC_LITERAL_CONVERSION = YES;
				CLANG_WARN_OBJC_ROOT_CLASS = YES_ERROR;
				CLANG_WARN_QUOTED_INCLUDE_IN_FRAMEWORK_HEADER = YES;
				CLANG_WARN_RANGE_LOOP_ANALYSIS = YES;
				CLANG_WARN_STRICT_PROTOTYPES = YES;
				CLANG_WARN_SUSPICIOUS_MOVE = YES;
				CLANG_WARN_UNGUARDED_AVAILABILITY = YES_AGGRESSIVE;
				CLANG_WARN_UNREACHABLE_CODE = YES;
				CLANG_WARN__DUPLICATE_METHOD_MATCH = YES;
				COPY_PHASE_STRIP = NO;
				DEBUG_INFORMATION_FORMAT = "dwarf-with-dsym";
				ENABLE_NS_ASSERTIONS = NO;
				ENABLE_STRICT_OBJC_MSGSEND = YES;
				GCC_C_LANGUAGE_STANDARD = gnu11;
				GCC_NO_COMMON_BLOCKS = YES;
				GCC_WARN_64_TO_32_BIT_CONVERSION = YES;
				GCC_WARN_ABOUT_RETURN_TYPE = YES_ERROR;
				GCC_WARN_UNDECLARED_SELECTOR = YES;
				GCC_WARN_UNINITIALIZED_AUTOS = YES_AGGRESSIVE;
				GCC_WARN_UNUSED_FUNCTION = YES;
				GCC_WARN_UNUSED_VARIABLE = YES;
				IPHONEOS_DEPLOYMENT_TARGET = 16.2;
				MTL_ENABLE_DEBUG_INFO = NO;
				MTL_FAST_MATH = YES;
				SDKROOT = iphoneos;
				SWIFT_COMPILATION_MODE = wholemodule;
				SWIFT_OPTIMIZATION_LEVEL = "-O";
				VALIDATE_PRODUCT = YES;
			};
			name = Release;
		};
		506B10872BB2CD35002AE4C1 /* Debug */ = {
			isa = XCBuildConfiguration;
			buildSettings = {
				ASSETCATALOG_COMPILER_APPICON_NAME = AppIcon;
				ASSETCATALOG_COMPILER_GLOBAL_ACCENT_COLOR_NAME = AccentColor;
				CODE_SIGN_STYLE = Automatic;
				CURRENT_PROJECT_VERSION = 1;
				DEVELOPMENT_ASSET_PATHS = "\"TestApp/Preview Content\"";
				DEVELOPMENT_TEAM = L5T7DN6249;
				ENABLE_PREVIEWS = YES;
				GENERATE_INFOPLIST_FILE = YES;
				INFOPLIST_KEY_UIApplicationSceneManifest_Generation = YES;
				INFOPLIST_KEY_UIApplicationSupportsIndirectInputEvents = YES;
				INFOPLIST_KEY_UILaunchScreen_Generation = YES;
				INFOPLIST_KEY_UISupportedInterfaceOrientations_iPad = "UIInterfaceOrientationPortrait UIInterfaceOrientationPortraitUpsideDown UIInterfaceOrientationLandscapeLeft UIInterfaceOrientationLandscapeRight";
				INFOPLIST_KEY_UISupportedInterfaceOrientations_iPhone = "UIInterfaceOrientationPortrait UIInterfaceOrientationLandscapeLeft UIInterfaceOrientationLandscapeRight";
				LD_RUNPATH_SEARCH_PATHS = (
					"$(inherited)",
					"@executable_path/Frameworks",
				);
				MARKETING_VERSION = 1.0;
				PRODUCT_BUNDLE_IDENTIFIER = com.orange.TestApp;
				PRODUCT_NAME = "$(TARGET_NAME)";
				SWIFT_EMIT_LOC_STRINGS = YES;
				SWIFT_VERSION = 5.0;
				TARGETED_DEVICE_FAMILY = "1,2";
			};
			name = Debug;
		};
		506B10882BB2CD35002AE4C1 /* Release */ = {
			isa = XCBuildConfiguration;
			buildSettings = {
				ASSETCATALOG_COMPILER_APPICON_NAME = AppIcon;
				ASSETCATALOG_COMPILER_GLOBAL_ACCENT_COLOR_NAME = AccentColor;
				CODE_SIGN_STYLE = Automatic;
				CURRENT_PROJECT_VERSION = 1;
				DEVELOPMENT_ASSET_PATHS = "\"TestApp/Preview Content\"";
				DEVELOPMENT_TEAM = L5T7DN6249;
				ENABLE_PREVIEWS = YES;
				GENERATE_INFOPLIST_FILE = YES;
				INFOPLIST_KEY_UIApplicationSceneManifest_Generation = YES;
				INFOPLIST_KEY_UIApplicationSupportsIndirectInputEvents = YES;
				INFOPLIST_KEY_UILaunchScreen_Generation = YES;
				INFOPLIST_KEY_UISupportedInterfaceOrientations_iPad = "UIInterfaceOrientationPortrait UIInterfaceOrientationPortraitUpsideDown UIInterfaceOrientationLandscapeLeft UIInterfaceOrientationLandscapeRight";
				INFOPLIST_KEY_UISupportedInterfaceOrientations_iPhone = "UIInterfaceOrientationPortrait UIInterfaceOrientationLandscapeLeft UIInterfaceOrientationLandscapeRight";
				LD_RUNPATH_SEARCH_PATHS = (
					"$(inherited)",
					"@executable_path/Frameworks",
				);
				MARKETING_VERSION = 1.0;
				PRODUCT_BUNDLE_IDENTIFIER = com.orange.TestApp;
				PRODUCT_NAME = "$(TARGET_NAME)";
				SWIFT_EMIT_LOC_STRINGS = YES;
				SWIFT_VERSION = 5.0;
				TARGETED_DEVICE_FAMILY = "1,2";
			};
			name = Release;
		};
/* End XCBuildConfiguration section */

/* Begin XCConfigurationList section */
		506B106E2BB2CD33002AE4C1 /* Build configuration list for PBXProject "TestApp" */ = {
			isa = XCConfigurationList;
			buildConfigurations = (
				506B10842BB2CD35002AE4C1 /* Debug */,
				506B10852BB2CD35002AE4C1 /* Release */,
			);
			defaultConfigurationIsVisible = 0;
			defaultConfigurationName = Release;
		};
		506B10862BB2CD35002AE4C1 /* Build configuration list for PBXNativeTarget "TestApp" */ = {
			isa = XCConfigurationList;
			buildConfigurations = (
				506B10872BB2CD35002AE4C1 /* Debug */,
				506B10882BB2CD35002AE4C1 /* Release */,
			);
			defaultConfigurationIsVisible = 0;
			defaultConfigurationName = Release;
		};
/* End XCConfigurationList section */

/* Begin XCVersionGroup section */
		506B10812BB2CD35002AE4C1 /* TestApp.xcdatamodeld */ = {
			isa = XCVersionGroup;
			children = (
				506B10822BB2CD35002AE4C1 /* TestApp.xcdatamodel */,
			);
			currentVersion = 506B10822BB2CD35002AE4C1 /* TestApp.xcdatamodel */;
			path = TestApp.xcdatamodeld;
			sourceTree = "<group>";
			versionGroupType = wrapper.xcdatamodel;
		};
/* End XCVersionGroup section */
	};
	rootObject = 506B106B2BB2CD33002AE4C1 /* Project object */;
}
